
Microsoft Visual Studio Solution File, Format Version 11.00
# Visual Studio 2012
Project("{F184B08F-C81C-45F6-A57F-5ABD9991F28F}") = "Maplestory - The Forbidden Identity", "Maplestory - The Forbidden Identity\Maplestory - The Forbidden Identity.vbproj", "{4D166454-B290-415E-B557-90A9603F082D}"
EndProject
Global
	GlobalSection(SolutionConfigurationPlatforms) = preSolution
		Debug|Any CPU = Debug|Any CPU
		Release|Any CPU = Release|Any CPU
	EndGlobalSection
	GlobalSection(ProjectConfigurationPlatforms) = postSolution
		{4D166454-B290-415E-B557-90A9603F082D}.Debug|Any CPU.ActiveCfg = Debug|Any CPU
		{4D166454-B290-415E-B557-90A9603F082D}.Debug|Any CPU.Build.0 = Debug|Any CPU
		{4D166454-B290-415E-B557-90A9603F082D}.Release|Any CPU.ActiveCfg = Release|Any CPU
		{4D166454-B290-415E-B557-90A9603F082D}.Release|Any CPU.Build.0 = Release|Any CPU
	EndGlobalSection
	GlobalSection(SolutionProperties) = preSolution
		HideSolutionNode = FALSE
	EndGlobalSection
EndGlobal
